// !$*UTF8*$!
{
	archiveVersion = 1;
	classes = {
	};
	objectVersion = 46;
	objects = {

/* Begin PBXBuildFile section */
		2E26B9691EEC2DC2002CDDB3 /* FootprintsViewController.swift in Sources */ = {isa = PBXBuildFile; fileRef = 2E26B9681EEC2DC2002CDDB3 /* FootprintsViewController.swift */; };
		2E26B96B1EEC5350002CDDB3 /* AboutAppViewController.swift in Sources */ = {isa = PBXBuildFile; fileRef = 2E26B96A1EEC5350002CDDB3 /* AboutAppViewController.swift */; };
		2E26B96F1EEC5771002CDDB3 /* HistoryViewController.swift in Sources */ = {isa = PBXBuildFile; fileRef = 2E26B96E1EEC5771002CDDB3 /* HistoryViewController.swift */; };
		2E3FBF461ED9CD7800022529 /* PickerView.swift in Sources */ = {isa = PBXBuildFile; fileRef = 2E3FBF451ED9CD7800022529 /* PickerView.swift */; };
		2E49E3461EE41BAF007A90C7 /* CustomAnnotation.swift in Sources */ = {isa = PBXBuildFile; fileRef = 2E49E3451EE41BAF007A90C7 /* CustomAnnotation.swift */; };
		2E525F321EDA823200020439 /* Location.swift in Sources */ = {isa = PBXBuildFile; fileRef = 2E525F311EDA823200020439 /* Location.swift */; };
		2E525F351EDA8CE800020439 /* LocationAccuracy.swift in Sources */ = {isa = PBXBuildFile; fileRef = 2E525F341EDA8CE800020439 /* LocationAccuracy.swift */; };
		2E525F371EE30D1100020439 /* Footprint.swift in Sources */ = {isa = PBXBuildFile; fileRef = 2E525F361EE30D1100020439 /* Footprint.swift */; };
		2E525F391EE30E6900020439 /* FootprintManager.swift in Sources */ = {isa = PBXBuildFile; fileRef = 2E525F381EE30E6900020439 /* FootprintManager.swift */; };
		2E6D909E1ED9BAC700E8CA0F /* CoreLocation.framework in Frameworks */ = {isa = PBXBuildFile; fileRef = 2E6D909D1ED9BAC700E8CA0F /* CoreLocation.framework */; };
		2E7CCFFB2160C9C3000B50E9 /* Common.strings in Resources */ = {isa = PBXBuildFile; fileRef = 2E7CCFFA2160C9C3000B50E9 /* Common.strings */; };
		2E7CD00621665E2D000B50E9 /* MapViewController.swift in Sources */ = {isa = PBXBuildFile; fileRef = 2E7CD00421665E2D000B50E9 /* MapViewController.swift */; };
		2E7CD00721665E2D000B50E9 /* MapViewController.xib in Resources */ = {isa = PBXBuildFile; fileRef = 2E7CD00521665E2D000B50E9 /* MapViewController.xib */; };
		2E7CD00A21665E5E000B50E9 /* Injectable.swift in Sources */ = {isa = PBXBuildFile; fileRef = 2E7CD00921665E5E000B50E9 /* Injectable.swift */; };
		2E7CD00D21665E8E000B50E9 /* MapViewModel.swift in Sources */ = {isa = PBXBuildFile; fileRef = 2E7CD00C21665E8E000B50E9 /* MapViewModel.swift */; };
		2E7CD0122167B83B000B50E9 /* UIViewController+Color.swift in Sources */ = {isa = PBXBuildFile; fileRef = 2E7CD0112167B83B000B50E9 /* UIViewController+Color.swift */; };
		2E7CD0172167C495000B50E9 /* CLLocationManager+Rx.swift in Sources */ = {isa = PBXBuildFile; fileRef = 2E7CD0162167C495000B50E9 /* CLLocationManager+Rx.swift */; };
		2E7CD01B2167C6DB000B50E9 /* RxCLLocationManagerDelegateProxy.swift in Sources */ = {isa = PBXBuildFile; fileRef = 2E7CD01A2167C6DB000B50E9 /* RxCLLocationManagerDelegateProxy.swift */; };
		2E8351441EF55F3B004E162C /* ViewControllerTests.swift in Sources */ = {isa = PBXBuildFile; fileRef = 2E8351431EF55F3B004E162C /* ViewControllerTests.swift */; };
		2E8351461EF572C1004E162C /* SettingViewControllerTests.swift in Sources */ = {isa = PBXBuildFile; fileRef = 2E8351451EF572C1004E162C /* SettingViewControllerTests.swift */; };
		2E8351921EF82CD6004E162C /* Localizable.strings in Resources */ = {isa = PBXBuildFile; fileRef = 2E8351941EF82CD6004E162C /* Localizable.strings */; };
		2E8351961EF8364B004E162C /* PickerView.xib in Resources */ = {isa = PBXBuildFile; fileRef = 2E8351981EF8364B004E162C /* PickerView.xib */; };
		2E8351A41EF97ACC004E162C /* InfoPlist.strings in Resources */ = {isa = PBXBuildFile; fileRef = 2E8351A61EF97ACC004E162C /* InfoPlist.strings */; };
		2E9FEB081ED1E0B50022C378 /* MapKit.framework in Frameworks */ = {isa = PBXBuildFile; fileRef = 2E9FEB071ED1E0B50022C378 /* MapKit.framework */; };
		2E9FEB0A1ED1E5E30022C378 /* SettingViewController.swift in Sources */ = {isa = PBXBuildFile; fileRef = 2E9FEB091ED1E5E30022C378 /* SettingViewController.swift */; };
		2EB329DE1EED5D6E00832E44 /* UIImage+Extension.swift in Sources */ = {isa = PBXBuildFile; fileRef = 2EB329DD1EED5D6E00832E44 /* UIImage+Extension.swift */; };
		2EB329E01EED94DD00832E44 /* MessageUI.framework in Frameworks */ = {isa = PBXBuildFile; fileRef = 2EB329DF1EED94DD00832E44 /* MessageUI.framework */; };
		2EB9DD5C2170E748008F8B81 /* RxPickerViewDelegateProxy.swift in Sources */ = {isa = PBXBuildFile; fileRef = 2EB9DD5B2170E748008F8B81 /* RxPickerViewDelegateProxy.swift */; };
		2EB9DD5E2170EE6C008F8B81 /* PickerView+Rx.swift in Sources */ = {isa = PBXBuildFile; fileRef = 2EB9DD5D2170EE6C008F8B81 /* PickerView+Rx.swift */; };
		2EB9DD602170FEEA008F8B81 /* TabBarItemTag.swift in Sources */ = {isa = PBXBuildFile; fileRef = 2EB9DD5F2170FEEA008F8B81 /* TabBarItemTag.swift */; };
		2EB9DD6221710B03008F8B81 /* R.generated.swift in Sources */ = {isa = PBXBuildFile; fileRef = 2EB9DD6121710B03008F8B81 /* R.generated.swift */; };
		2EB9DD6421710FC1008F8B81 /* UIColor+AppColor.swift in Sources */ = {isa = PBXBuildFile; fileRef = 2EB9DD6321710FC1008F8B81 /* UIColor+AppColor.swift */; };
		2EB9DD6D2171CECE008F8B81 /* Cast+Rx.swift in Sources */ = {isa = PBXBuildFile; fileRef = 2EB9DD6C2171CECE008F8B81 /* Cast+Rx.swift */; };
		2EB9DD6F2171D6EE008F8B81 /* UIViewController+Rx.swift in Sources */ = {isa = PBXBuildFile; fileRef = 2EB9DD6E2171D6EE008F8B81 /* UIViewController+Rx.swift */; };
		2EB9DD732171ED33008F8B81 /* MapView.strings in Resources */ = {isa = PBXBuildFile; fileRef = 2EB9DD722171ED33008F8B81 /* MapView.strings */; };
		2EB9DD752171F0A8008F8B81 /* AlertActionType.swift in Sources */ = {isa = PBXBuildFile; fileRef = 2EB9DD742171F0A8008F8B81 /* AlertActionType.swift */; };
		2EB9DD772171F723008F8B81 /* RealmManager.swift in Sources */ = {isa = PBXBuildFile; fileRef = 2EB9DD762171F723008F8B81 /* RealmManager.swift */; };
		2EB9DD792172570C008F8B81 /* Result.swift in Sources */ = {isa = PBXBuildFile; fileRef = 2EB9DD782172570C008F8B81 /* Result.swift */; };
		2EB9DD7B217257ED008F8B81 /* Error.swift in Sources */ = {isa = PBXBuildFile; fileRef = 2EB9DD7A217257ED008F8B81 /* Error.swift */; };
		2EC01A3D1ED1CA4100C821DE /* AppDelegate.swift in Sources */ = {isa = PBXBuildFile; fileRef = 2EC01A3C1ED1CA4100C821DE /* AppDelegate.swift */; };
		2EC01A3F1ED1CA4100C821DE /* ViewController.swift in Sources */ = {isa = PBXBuildFile; fileRef = 2EC01A3E1ED1CA4100C821DE /* ViewController.swift */; };
		2EC01A421ED1CA4100C821DE /* Main.storyboard in Resources */ = {isa = PBXBuildFile; fileRef = 2EC01A401ED1CA4100C821DE /* Main.storyboard */; };
		2EC01A441ED1CA4100C821DE /* Assets.xcassets in Resources */ = {isa = PBXBuildFile; fileRef = 2EC01A431ED1CA4100C821DE /* Assets.xcassets */; };
		2EC01A471ED1CA4100C821DE /* LaunchScreen.storyboard in Resources */ = {isa = PBXBuildFile; fileRef = 2EC01A451ED1CA4100C821DE /* LaunchScreen.storyboard */; };
		2EC01A521ED1CA4100C821DE /* FootprintManagerTests.swift in Sources */ = {isa = PBXBuildFile; fileRef = 2EC01A511ED1CA4100C821DE /* FootprintManagerTests.swift */; };
		2EC01A5D1ED1CA4100C821DE /* FootStepMeterUITests.swift in Sources */ = {isa = PBXBuildFile; fileRef = 2EC01A5C1ED1CA4100C821DE /* FootStepMeterUITests.swift */; };
		40780C28FAA0BF8C3AF56EE2 /* Pods_footStepMeterTests.framework in Frameworks */ = {isa = PBXBuildFile; fileRef = 07647BD0A2B9C070E22A0AAE /* Pods_footStepMeterTests.framework */; };
		5DF409767DA9E9355AFD5B36 /* Pods_footStepMeterUITests.framework in Frameworks */ = {isa = PBXBuildFile; fileRef = 6A4E5C7574ABB5F56A9EB6AD /* Pods_footStepMeterUITests.framework */; };
		CBC06E5EC3E3E789975CE8A5 /* Pods_footStepMeter.framework in Frameworks */ = {isa = PBXBuildFile; fileRef = 339377438F4D8EACA5AF03A5 /* Pods_footStepMeter.framework */; };
		D6C6F533199D4124BA50F77F /* Pods_Tests_footStepMeterTests.framework in Frameworks */ = {isa = PBXBuildFile; fileRef = 048E4E449A5F95B28B030575 /* Pods_Tests_footStepMeterTests.framework */; };
		D9B6D16CC1DF2B9116125F60 /* Pods_Tests_footStepMeterUITests.framework in Frameworks */ = {isa = PBXBuildFile; fileRef = BA09C9894594E9C916C70F2E /* Pods_Tests_footStepMeterUITests.framework */; };
/* End PBXBuildFile section */

/* Begin PBXContainerItemProxy section */
		2EC01A4E1ED1CA4100C821DE /* PBXContainerItemProxy */ = {
			isa = PBXContainerItemProxy;
			containerPortal = 2EC01A311ED1CA4100C821DE /* Project object */;
			proxyType = 1;
			remoteGlobalIDString = 2EC01A381ED1CA4100C821DE;
			remoteInfo = footStepMeter;
		};
		2EC01A591ED1CA4100C821DE /* PBXContainerItemProxy */ = {
			isa = PBXContainerItemProxy;
			containerPortal = 2EC01A311ED1CA4100C821DE /* Project object */;
			proxyType = 1;
			remoteGlobalIDString = 2EC01A381ED1CA4100C821DE;
			remoteInfo = footStepMeter;
		};
/* End PBXContainerItemProxy section */

/* Begin PBXFileReference section */
		048E4E449A5F95B28B030575 /* Pods_Tests_footStepMeterTests.framework */ = {isa = PBXFileReference; explicitFileType = wrapper.framework; includeInIndex = 0; path = Pods_Tests_footStepMeterTests.framework; sourceTree = BUILT_PRODUCTS_DIR; };
		07647BD0A2B9C070E22A0AAE /* Pods_footStepMeterTests.framework */ = {isa = PBXFileReference; explicitFileType = wrapper.framework; includeInIndex = 0; path = Pods_footStepMeterTests.framework; sourceTree = BUILT_PRODUCTS_DIR; };
		2E26B9681EEC2DC2002CDDB3 /* FootprintsViewController.swift */ = {isa = PBXFileReference; fileEncoding = 4; lastKnownFileType = sourcecode.swift; name = FootprintsViewController.swift; path = footStepMeter/FootprintsViewController.swift; sourceTree = SOURCE_ROOT; };
		2E26B96A1EEC5350002CDDB3 /* AboutAppViewController.swift */ = {isa = PBXFileReference; fileEncoding = 4; lastKnownFileType = sourcecode.swift; name = AboutAppViewController.swift; path = footStepMeter/AboutAppViewController.swift; sourceTree = SOURCE_ROOT; };
		2E26B96E1EEC5771002CDDB3 /* HistoryViewController.swift */ = {isa = PBXFileReference; fileEncoding = 4; lastKnownFileType = sourcecode.swift; path = HistoryViewController.swift; sourceTree = "<group>"; };
		2E3FBF451ED9CD7800022529 /* PickerView.swift */ = {isa = PBXFileReference; fileEncoding = 4; lastKnownFileType = sourcecode.swift; name = PickerView.swift; path = PickerView/PickerView.swift; sourceTree = "<group>"; };
		2E49E3451EE41BAF007A90C7 /* CustomAnnotation.swift */ = {isa = PBXFileReference; fileEncoding = 4; lastKnownFileType = sourcecode.swift; path = CustomAnnotation.swift; sourceTree = "<group>"; };
		2E525F311EDA823200020439 /* Location.swift */ = {isa = PBXFileReference; fileEncoding = 4; lastKnownFileType = sourcecode.swift; path = Location.swift; sourceTree = "<group>"; };
		2E525F341EDA8CE800020439 /* LocationAccuracy.swift */ = {isa = PBXFileReference; fileEncoding = 4; lastKnownFileType = sourcecode.swift; path = LocationAccuracy.swift; sourceTree = "<group>"; };
		2E525F361EE30D1100020439 /* Footprint.swift */ = {isa = PBXFileReference; fileEncoding = 4; lastKnownFileType = sourcecode.swift; path = Footprint.swift; sourceTree = "<group>"; };
		2E525F381EE30E6900020439 /* FootprintManager.swift */ = {isa = PBXFileReference; fileEncoding = 4; lastKnownFileType = sourcecode.swift; path = FootprintManager.swift; sourceTree = "<group>"; };
		2E6D909D1ED9BAC700E8CA0F /* CoreLocation.framework */ = {isa = PBXFileReference; lastKnownFileType = wrapper.framework; name = CoreLocation.framework; path = System/Library/Frameworks/CoreLocation.framework; sourceTree = SDKROOT; };
		2E7CCFFA2160C9C3000B50E9 /* Common.strings */ = {isa = PBXFileReference; lastKnownFileType = text.plist.strings; path = Common.strings; sourceTree = "<group>"; };
		2E7CD00421665E2D000B50E9 /* MapViewController.swift */ = {isa = PBXFileReference; lastKnownFileType = sourcecode.swift; path = MapViewController.swift; sourceTree = "<group>"; };
		2E7CD00521665E2D000B50E9 /* MapViewController.xib */ = {isa = PBXFileReference; lastKnownFileType = file.xib; path = MapViewController.xib; sourceTree = "<group>"; };
		2E7CD00921665E5E000B50E9 /* Injectable.swift */ = {isa = PBXFileReference; lastKnownFileType = sourcecode.swift; path = Injectable.swift; sourceTree = "<group>"; };
		2E7CD00C21665E8E000B50E9 /* MapViewModel.swift */ = {isa = PBXFileReference; lastKnownFileType = sourcecode.swift; path = MapViewModel.swift; sourceTree = "<group>"; };
		2E7CD0112167B83B000B50E9 /* UIViewController+Color.swift */ = {isa = PBXFileReference; lastKnownFileType = sourcecode.swift; path = "UIViewController+Color.swift"; sourceTree = "<group>"; };
		2E7CD0162167C495000B50E9 /* CLLocationManager+Rx.swift */ = {isa = PBXFileReference; lastKnownFileType = sourcecode.swift; path = "CLLocationManager+Rx.swift"; sourceTree = "<group>"; };
		2E7CD01A2167C6DB000B50E9 /* RxCLLocationManagerDelegateProxy.swift */ = {isa = PBXFileReference; lastKnownFileType = sourcecode.swift; path = RxCLLocationManagerDelegateProxy.swift; sourceTree = "<group>"; };
		2E8351431EF55F3B004E162C /* ViewControllerTests.swift */ = {isa = PBXFileReference; fileEncoding = 4; lastKnownFileType = sourcecode.swift; path = ViewControllerTests.swift; sourceTree = "<group>"; };
		2E8351451EF572C1004E162C /* SettingViewControllerTests.swift */ = {isa = PBXFileReference; fileEncoding = 4; lastKnownFileType = sourcecode.swift; path = SettingViewControllerTests.swift; sourceTree = "<group>"; };
		2E8351931EF82CD6004E162C /* Base */ = {isa = PBXFileReference; lastKnownFileType = text.plist.strings; name = Base; path = Base.lproj/Localizable.strings; sourceTree = "<group>"; };
		2E8351951EF8344D004E162C /* ja */ = {isa = PBXFileReference; lastKnownFileType = text.plist.strings; name = ja; path = ja.lproj/Localizable.strings; sourceTree = "<group>"; };
		2E8351971EF8364B004E162C /* Base */ = {isa = PBXFileReference; lastKnownFileType = file.xib; name = Base; path = Base.lproj/PickerView.xib; sourceTree = "<group>"; };
		2E83519A1EF8364F004E162C /* ja */ = {isa = PBXFileReference; lastKnownFileType = text.plist.strings; name = ja; path = ja.lproj/PickerView.strings; sourceTree = "<group>"; };
		2E83519C1EF97055004E162C /* ja */ = {isa = PBXFileReference; lastKnownFileType = file.storyboard; name = ja; path = ja.lproj/Main.storyboard; sourceTree = "<group>"; };
		2E8351A11EF976B0004E162C /* ja */ = {isa = PBXFileReference; lastKnownFileType = file.storyboard; name = ja; path = ja.lproj/LaunchScreen.storyboard; sourceTree = "<group>"; };
		2E8351A51EF97ACC004E162C /* Base */ = {isa = PBXFileReference; lastKnownFileType = text.plist.strings; name = Base; path = Base.lproj/InfoPlist.strings; sourceTree = "<group>"; };
		2E8351A71EF97ACE004E162C /* ja */ = {isa = PBXFileReference; lastKnownFileType = text.plist.strings; name = ja; path = ja.lproj/InfoPlist.strings; sourceTree = "<group>"; };
		2E9FEB071ED1E0B50022C378 /* MapKit.framework */ = {isa = PBXFileReference; lastKnownFileType = wrapper.framework; name = MapKit.framework; path = System/Library/Frameworks/MapKit.framework; sourceTree = SDKROOT; };
		2E9FEB091ED1E5E30022C378 /* SettingViewController.swift */ = {isa = PBXFileReference; fileEncoding = 4; lastKnownFileType = sourcecode.swift; path = SettingViewController.swift; sourceTree = "<group>"; };
		2EB329DD1EED5D6E00832E44 /* UIImage+Extension.swift */ = {isa = PBXFileReference; fileEncoding = 4; lastKnownFileType = sourcecode.swift; path = "UIImage+Extension.swift"; sourceTree = "<group>"; };
		2EB329DF1EED94DD00832E44 /* MessageUI.framework */ = {isa = PBXFileReference; lastKnownFileType = wrapper.framework; name = MessageUI.framework; path = System/Library/Frameworks/MessageUI.framework; sourceTree = SDKROOT; };
		2EB9DD5B2170E748008F8B81 /* RxPickerViewDelegateProxy.swift */ = {isa = PBXFileReference; lastKnownFileType = sourcecode.swift; path = RxPickerViewDelegateProxy.swift; sourceTree = "<group>"; };
		2EB9DD5D2170EE6C008F8B81 /* PickerView+Rx.swift */ = {isa = PBXFileReference; lastKnownFileType = sourcecode.swift; path = "PickerView+Rx.swift"; sourceTree = "<group>"; };
		2EB9DD5F2170FEEA008F8B81 /* TabBarItemTag.swift */ = {isa = PBXFileReference; lastKnownFileType = sourcecode.swift; path = TabBarItemTag.swift; sourceTree = "<group>"; };
		2EB9DD6121710B03008F8B81 /* R.generated.swift */ = {isa = PBXFileReference; fileEncoding = 4; lastKnownFileType = sourcecode.swift; path = R.generated.swift; sourceTree = SOURCE_ROOT; };
		2EB9DD6321710FC1008F8B81 /* UIColor+AppColor.swift */ = {isa = PBXFileReference; lastKnownFileType = sourcecode.swift; path = "UIColor+AppColor.swift"; sourceTree = "<group>"; };
		2EB9DD6C2171CECE008F8B81 /* Cast+Rx.swift */ = {isa = PBXFileReference; lastKnownFileType = sourcecode.swift; path = "Cast+Rx.swift"; sourceTree = "<group>"; };
		2EB9DD6E2171D6EE008F8B81 /* UIViewController+Rx.swift */ = {isa = PBXFileReference; lastKnownFileType = sourcecode.swift; path = "UIViewController+Rx.swift"; sourceTree = "<group>"; };
		2EB9DD722171ED33008F8B81 /* MapView.strings */ = {isa = PBXFileReference; lastKnownFileType = text.plist.strings; path = MapView.strings; sourceTree = "<group>"; };
		2EB9DD742171F0A8008F8B81 /* AlertActionType.swift */ = {isa = PBXFileReference; lastKnownFileType = sourcecode.swift; path = AlertActionType.swift; sourceTree = "<group>"; };
		2EB9DD762171F723008F8B81 /* RealmManager.swift */ = {isa = PBXFileReference; lastKnownFileType = sourcecode.swift; path = RealmManager.swift; sourceTree = "<group>"; };
		2EB9DD782172570C008F8B81 /* Result.swift */ = {isa = PBXFileReference; lastKnownFileType = sourcecode.swift; path = Result.swift; sourceTree = "<group>"; };
		2EB9DD7A217257ED008F8B81 /* Error.swift */ = {isa = PBXFileReference; lastKnownFileType = sourcecode.swift; path = Error.swift; sourceTree = "<group>"; };
		2EC01A391ED1CA4100C821DE /* footStepMeter.app */ = {isa = PBXFileReference; explicitFileType = wrapper.application; includeInIndex = 0; path = footStepMeter.app; sourceTree = BUILT_PRODUCTS_DIR; };
		2EC01A3C1ED1CA4100C821DE /* AppDelegate.swift */ = {isa = PBXFileReference; lastKnownFileType = sourcecode.swift; path = AppDelegate.swift; sourceTree = "<group>"; };
		2EC01A3E1ED1CA4100C821DE /* ViewController.swift */ = {isa = PBXFileReference; lastKnownFileType = sourcecode.swift; path = ViewController.swift; sourceTree = "<group>"; };
		2EC01A411ED1CA4100C821DE /* Base */ = {isa = PBXFileReference; lastKnownFileType = file.storyboard; name = Base; path = Base.lproj/Main.storyboard; sourceTree = "<group>"; };
		2EC01A431ED1CA4100C821DE /* Assets.xcassets */ = {isa = PBXFileReference; lastKnownFileType = folder.assetcatalog; path = Assets.xcassets; sourceTree = "<group>"; };
		2EC01A461ED1CA4100C821DE /* Base */ = {isa = PBXFileReference; lastKnownFileType = file.storyboard; name = Base; path = Base.lproj/LaunchScreen.storyboard; sourceTree = "<group>"; };
		2EC01A4D1ED1CA4100C821DE /* footStepMeterTests.xctest */ = {isa = PBXFileReference; explicitFileType = wrapper.cfbundle; includeInIndex = 0; path = footStepMeterTests.xctest; sourceTree = BUILT_PRODUCTS_DIR; };
		2EC01A511ED1CA4100C821DE /* FootprintManagerTests.swift */ = {isa = PBXFileReference; lastKnownFileType = sourcecode.swift; path = FootprintManagerTests.swift; sourceTree = "<group>"; };
		2EC01A531ED1CA4100C821DE /* Info.plist */ = {isa = PBXFileReference; lastKnownFileType = text.plist.xml; path = Info.plist; sourceTree = "<group>"; };
		2EC01A581ED1CA4100C821DE /* footStepMeterUITests.xctest */ = {isa = PBXFileReference; explicitFileType = wrapper.cfbundle; includeInIndex = 0; path = footStepMeterUITests.xctest; sourceTree = BUILT_PRODUCTS_DIR; };
		2EC01A5C1ED1CA4100C821DE /* FootStepMeterUITests.swift */ = {isa = PBXFileReference; lastKnownFileType = sourcecode.swift; path = FootStepMeterUITests.swift; sourceTree = "<group>"; };
		2EC01A5E1ED1CA4100C821DE /* Info.plist */ = {isa = PBXFileReference; lastKnownFileType = text.plist.xml; path = Info.plist; sourceTree = "<group>"; };
		2EC01A6C1ED1CD3600C821DE /* Base */ = {isa = PBXFileReference; lastKnownFileType = text.plist.xml; name = Base; path = Base.lproj/Info.plist; sourceTree = "<group>"; };
		339377438F4D8EACA5AF03A5 /* Pods_footStepMeter.framework */ = {isa = PBXFileReference; explicitFileType = wrapper.framework; includeInIndex = 0; path = Pods_footStepMeter.framework; sourceTree = BUILT_PRODUCTS_DIR; };
		3694EA8DC94CED5644B6D2DD /* Pods-Tests-footStepMeterTests.debug.xcconfig */ = {isa = PBXFileReference; includeInIndex = 1; lastKnownFileType = text.xcconfig; name = "Pods-Tests-footStepMeterTests.debug.xcconfig"; path = "Pods/Target Support Files/Pods-Tests-footStepMeterTests/Pods-Tests-footStepMeterTests.debug.xcconfig"; sourceTree = "<group>"; };
		4232F61FA1C358597A974313 /* Pods-footStepMeterTests.debug.xcconfig */ = {isa = PBXFileReference; includeInIndex = 1; lastKnownFileType = text.xcconfig; name = "Pods-footStepMeterTests.debug.xcconfig"; path = "Pods/Target Support Files/Pods-footStepMeterTests/Pods-footStepMeterTests.debug.xcconfig"; sourceTree = "<group>"; };
		512B1249DD40F3706DBBABAF /* Pods-Tests-footStepMeterUITests.release.xcconfig */ = {isa = PBXFileReference; includeInIndex = 1; lastKnownFileType = text.xcconfig; name = "Pods-Tests-footStepMeterUITests.release.xcconfig"; path = "Pods/Target Support Files/Pods-Tests-footStepMeterUITests/Pods-Tests-footStepMeterUITests.release.xcconfig"; sourceTree = "<group>"; };
		6A4E5C7574ABB5F56A9EB6AD /* Pods_footStepMeterUITests.framework */ = {isa = PBXFileReference; explicitFileType = wrapper.framework; includeInIndex = 0; path = Pods_footStepMeterUITests.framework; sourceTree = BUILT_PRODUCTS_DIR; };
		763CB1C6E91525F3E5D66040 /* Pods-footStepMeter.release.xcconfig */ = {isa = PBXFileReference; includeInIndex = 1; lastKnownFileType = text.xcconfig; name = "Pods-footStepMeter.release.xcconfig"; path = "Pods/Target Support Files/Pods-footStepMeter/Pods-footStepMeter.release.xcconfig"; sourceTree = "<group>"; };
		8D38B6811B5DFDDE78211D7E /* Pods-footStepMeterTests.release.xcconfig */ = {isa = PBXFileReference; includeInIndex = 1; lastKnownFileType = text.xcconfig; name = "Pods-footStepMeterTests.release.xcconfig"; path = "Pods/Target Support Files/Pods-footStepMeterTests/Pods-footStepMeterTests.release.xcconfig"; sourceTree = "<group>"; };
		9D3A08262C4F4604A4C0C8CA /* Pods-Tests-footStepMeterTests.release.xcconfig */ = {isa = PBXFileReference; includeInIndex = 1; lastKnownFileType = text.xcconfig; name = "Pods-Tests-footStepMeterTests.release.xcconfig"; path = "Pods/Target Support Files/Pods-Tests-footStepMeterTests/Pods-Tests-footStepMeterTests.release.xcconfig"; sourceTree = "<group>"; };
		B8CAA1501E5B3F650C4F852B /* Pods-footStepMeterUITests.release.xcconfig */ = {isa = PBXFileReference; includeInIndex = 1; lastKnownFileType = text.xcconfig; name = "Pods-footStepMeterUITests.release.xcconfig"; path = "Pods/Target Support Files/Pods-footStepMeterUITests/Pods-footStepMeterUITests.release.xcconfig"; sourceTree = "<group>"; };
		BA09C9894594E9C916C70F2E /* Pods_Tests_footStepMeterUITests.framework */ = {isa = PBXFileReference; explicitFileType = wrapper.framework; includeInIndex = 0; path = Pods_Tests_footStepMeterUITests.framework; sourceTree = BUILT_PRODUCTS_DIR; };
		BDB5D6E9C4714D4D8A8B7C67 /* Pods-footStepMeterUITests.debug.xcconfig */ = {isa = PBXFileReference; includeInIndex = 1; lastKnownFileType = text.xcconfig; name = "Pods-footStepMeterUITests.debug.xcconfig"; path = "Pods/Target Support Files/Pods-footStepMeterUITests/Pods-footStepMeterUITests.debug.xcconfig"; sourceTree = "<group>"; };
		D70073117A2BBA3C0E35EBC8 /* Pods-footStepMeter.debug.xcconfig */ = {isa = PBXFileReference; includeInIndex = 1; lastKnownFileType = text.xcconfig; name = "Pods-footStepMeter.debug.xcconfig"; path = "Pods/Target Support Files/Pods-footStepMeter/Pods-footStepMeter.debug.xcconfig"; sourceTree = "<group>"; };
		ED07F1DF5BD7C839CED4A41D /* Pods-Tests-footStepMeterUITests.debug.xcconfig */ = {isa = PBXFileReference; includeInIndex = 1; lastKnownFileType = text.xcconfig; name = "Pods-Tests-footStepMeterUITests.debug.xcconfig"; path = "Pods/Target Support Files/Pods-Tests-footStepMeterUITests/Pods-Tests-footStepMeterUITests.debug.xcconfig"; sourceTree = "<group>"; };
/* End PBXFileReference section */

/* Begin PBXFrameworksBuildPhase section */
		2EC01A361ED1CA4100C821DE /* Frameworks */ = {
			isa = PBXFrameworksBuildPhase;
			buildActionMask = 2147483647;
			files = (
				2EB329E01EED94DD00832E44 /* MessageUI.framework in Frameworks */,
				2E6D909E1ED9BAC700E8CA0F /* CoreLocation.framework in Frameworks */,
				2E9FEB081ED1E0B50022C378 /* MapKit.framework in Frameworks */,
				CBC06E5EC3E3E789975CE8A5 /* Pods_footStepMeter.framework in Frameworks */,
			);
			runOnlyForDeploymentPostprocessing = 0;
		};
		2EC01A4A1ED1CA4100C821DE /* Frameworks */ = {
			isa = PBXFrameworksBuildPhase;
			buildActionMask = 2147483647;
			files = (
				D6C6F533199D4124BA50F77F /* Pods_Tests_footStepMeterTests.framework in Frameworks */,
				40780C28FAA0BF8C3AF56EE2 /* Pods_footStepMeterTests.framework in Frameworks */,
			);
			runOnlyForDeploymentPostprocessing = 0;
		};
		2EC01A551ED1CA4100C821DE /* Frameworks */ = {
			isa = PBXFrameworksBuildPhase;
			buildActionMask = 2147483647;
			files = (
				D9B6D16CC1DF2B9116125F60 /* Pods_Tests_footStepMeterUITests.framework in Frameworks */,
				5DF409767DA9E9355AFD5B36 /* Pods_footStepMeterUITests.framework in Frameworks */,
			);
			runOnlyForDeploymentPostprocessing = 0;
		};
/* End PBXFrameworksBuildPhase section */

/* Begin PBXGroup section */
		24059959FA192A55F0723225 /* Frameworks */ = {
			isa = PBXGroup;
			children = (
				2EB329DF1EED94DD00832E44 /* MessageUI.framework */,
				2E6D909D1ED9BAC700E8CA0F /* CoreLocation.framework */,
				2E9FEB071ED1E0B50022C378 /* MapKit.framework */,
				048E4E449A5F95B28B030575 /* Pods_Tests_footStepMeterTests.framework */,
				BA09C9894594E9C916C70F2E /* Pods_Tests_footStepMeterUITests.framework */,
				339377438F4D8EACA5AF03A5 /* Pods_footStepMeter.framework */,
				07647BD0A2B9C070E22A0AAE /* Pods_footStepMeterTests.framework */,
				6A4E5C7574ABB5F56A9EB6AD /* Pods_footStepMeterUITests.framework */,
			);
			name = Frameworks;
			sourceTree = "<group>";
		};
		256D1E079C2DBBDF8CD9A901 /* Pods */ = {
			isa = PBXGroup;
			children = (
				3694EA8DC94CED5644B6D2DD /* Pods-Tests-footStepMeterTests.debug.xcconfig */,
				9D3A08262C4F4604A4C0C8CA /* Pods-Tests-footStepMeterTests.release.xcconfig */,
				ED07F1DF5BD7C839CED4A41D /* Pods-Tests-footStepMeterUITests.debug.xcconfig */,
				512B1249DD40F3706DBBABAF /* Pods-Tests-footStepMeterUITests.release.xcconfig */,
				D70073117A2BBA3C0E35EBC8 /* Pods-footStepMeter.debug.xcconfig */,
				763CB1C6E91525F3E5D66040 /* Pods-footStepMeter.release.xcconfig */,
				4232F61FA1C358597A974313 /* Pods-footStepMeterTests.debug.xcconfig */,
				8D38B6811B5DFDDE78211D7E /* Pods-footStepMeterTests.release.xcconfig */,
				BDB5D6E9C4714D4D8A8B7C67 /* Pods-footStepMeterUITests.debug.xcconfig */,
				B8CAA1501E5B3F650C4F852B /* Pods-footStepMeterUITests.release.xcconfig */,
			);
			name = Pods;
			sourceTree = "<group>";
		};
		2E525F301EDA820F00020439 /* Model */ = {
			isa = PBXGroup;
			children = (
				2E525F311EDA823200020439 /* Location.swift */,
				2E525F361EE30D1100020439 /* Footprint.swift */,
				2E525F381EE30E6900020439 /* FootprintManager.swift */,
				2E49E3451EE41BAF007A90C7 /* CustomAnnotation.swift */,
				2EB329DD1EED5D6E00832E44 /* UIImage+Extension.swift */,
				2EB9DD762171F723008F8B81 /* RealmManager.swift */,
			);
			path = Model;
			sourceTree = "<group>";
		};
		2E525F331EDA8CB500020439 /* Enum */ = {
			isa = PBXGroup;
			children = (
				2E525F341EDA8CE800020439 /* LocationAccuracy.swift */,
				2EB9DD5F2170FEEA008F8B81 /* TabBarItemTag.swift */,
				2EB9DD742171F0A8008F8B81 /* AlertActionType.swift */,
				2EB9DD782172570C008F8B81 /* Result.swift */,
				2EB9DD7A217257ED008F8B81 /* Error.swift */,
			);
			path = Enum;
			sourceTree = "<group>";
		};
		2E7CCFF92160C9A4000B50E9 /* Resources */ = {
			isa = PBXGroup;
			children = (
				2EB9DD6121710B03008F8B81 /* R.generated.swift */,
				2E7CCFFA2160C9C3000B50E9 /* Common.strings */,
				2EB9DD722171ED33008F8B81 /* MapView.strings */,
			);
			path = Resources;
			sourceTree = "<group>";
		};
		2E7CD00821665E4C000B50E9 /* Protocol */ = {
			isa = PBXGroup;
			children = (
				2E7CD00921665E5E000B50E9 /* Injectable.swift */,
			);
			path = Protocol;
			sourceTree = "<group>";
		};
		2E7CD00B21665E7D000B50E9 /* ViewModel */ = {
			isa = PBXGroup;
			children = (
				2E7CD00C21665E8E000B50E9 /* MapViewModel.swift */,
			);
			path = ViewModel;
			sourceTree = "<group>";
		};
		2E7CD0102167B814000B50E9 /* Extensions */ = {
			isa = PBXGroup;
			children = (
				2E7CD0112167B83B000B50E9 /* UIViewController+Color.swift */,
			);
			path = Extensions;
			sourceTree = "<group>";
		};
		2E7CD0152167C478000B50E9 /* Extensions */ = {
			isa = PBXGroup;
			children = (
				2E7CD0162167C495000B50E9 /* CLLocationManager+Rx.swift */,
				2E7CD01A2167C6DB000B50E9 /* RxCLLocationManagerDelegateProxy.swift */,
				2EB9DD5D2170EE6C008F8B81 /* PickerView+Rx.swift */,
				2EB9DD5B2170E748008F8B81 /* RxPickerViewDelegateProxy.swift */,
				2EB9DD6321710FC1008F8B81 /* UIColor+AppColor.swift */,
				2EB9DD6C2171CECE008F8B81 /* Cast+Rx.swift */,
				2EB9DD6E2171D6EE008F8B81 /* UIViewController+Rx.swift */,
			);
			path = Extensions;
			sourceTree = "<group>";
		};
		2E9FEB041ED1D1260022C378 /* View */ = {
			isa = PBXGroup;
			children = (
				2E7CD0102167B814000B50E9 /* Extensions */,
				2E8351981EF8364B004E162C /* PickerView.xib */,
				2E3FBF451ED9CD7800022529 /* PickerView.swift */,
				2E7CD00421665E2D000B50E9 /* MapViewController.swift */,
				2E7CD00521665E2D000B50E9 /* MapViewController.xib */,
			);
			path = View;
			sourceTree = "<group>";
		};
		2EC01A301ED1CA4100C821DE = {
			isa = PBXGroup;
			children = (
				2EC01A3B1ED1CA4100C821DE /* footStepMeter */,
				2EC01A501ED1CA4100C821DE /* footStepMeterTests */,
				2EC01A5B1ED1CA4100C821DE /* footStepMeterUITests */,
				2EC01A3A1ED1CA4100C821DE /* Products */,
				256D1E079C2DBBDF8CD9A901 /* Pods */,
				24059959FA192A55F0723225 /* Frameworks */,
			);
			sourceTree = "<group>";
		};
		2EC01A3A1ED1CA4100C821DE /* Products */ = {
			isa = PBXGroup;
			children = (
				2EC01A391ED1CA4100C821DE /* footStepMeter.app */,
				2EC01A4D1ED1CA4100C821DE /* footStepMeterTests.xctest */,
				2EC01A581ED1CA4100C821DE /* footStepMeterUITests.xctest */,
			);
			name = Products;
			sourceTree = "<group>";
		};
		2EC01A3B1ED1CA4100C821DE /* footStepMeter */ = {
			isa = PBXGroup;
			children = (
				2E7CD0152167C478000B50E9 /* Extensions */,
				2E7CD00B21665E7D000B50E9 /* ViewModel */,
				2E7CD00821665E4C000B50E9 /* Protocol */,
				2E7CCFF92160C9A4000B50E9 /* Resources */,
				2E525F331EDA8CB500020439 /* Enum */,
				2E525F301EDA820F00020439 /* Model */,
				2E9FEB041ED1D1260022C378 /* View */,
				2EC01A3C1ED1CA4100C821DE /* AppDelegate.swift */,
				2EC01A3E1ED1CA4100C821DE /* ViewController.swift */,
				2E9FEB091ED1E5E30022C378 /* SettingViewController.swift */,
				2E26B9681EEC2DC2002CDDB3 /* FootprintsViewController.swift */,
				2E26B96A1EEC5350002CDDB3 /* AboutAppViewController.swift */,
				2E26B96E1EEC5771002CDDB3 /* HistoryViewController.swift */,
				2EC01A401ED1CA4100C821DE /* Main.storyboard */,
				2EC01A431ED1CA4100C821DE /* Assets.xcassets */,
				2EC01A451ED1CA4100C821DE /* LaunchScreen.storyboard */,
				2EC01A6D1ED1CD3600C821DE /* Info.plist */,
				2E8351A61EF97ACC004E162C /* InfoPlist.strings */,
				2E8351941EF82CD6004E162C /* Localizable.strings */,
			);
			path = footStepMeter;
			sourceTree = "<group>";
		};
		2EC01A501ED1CA4100C821DE /* footStepMeterTests */ = {
			isa = PBXGroup;
			children = (
				2EC01A511ED1CA4100C821DE /* FootprintManagerTests.swift */,
				2E8351431EF55F3B004E162C /* ViewControllerTests.swift */,
				2E8351451EF572C1004E162C /* SettingViewControllerTests.swift */,
				2EC01A531ED1CA4100C821DE /* Info.plist */,
			);
			path = footStepMeterTests;
			sourceTree = "<group>";
		};
		2EC01A5B1ED1CA4100C821DE /* footStepMeterUITests */ = {
			isa = PBXGroup;
			children = (
				2EC01A5C1ED1CA4100C821DE /* FootStepMeterUITests.swift */,
				2EC01A5E1ED1CA4100C821DE /* Info.plist */,
			);
			path = footStepMeterUITests;
			sourceTree = "<group>";
		};
/* End PBXGroup section */

/* Begin PBXNativeTarget section */
		2EC01A381ED1CA4100C821DE /* footStepMeter */ = {
			isa = PBXNativeTarget;
			buildConfigurationList = 2EC01A611ED1CA4100C821DE /* Build configuration list for PBXNativeTarget "footStepMeter" */;
			buildPhases = (
				CFF8D1D2FF07BF2CDE83D2B8 /* [CP] Check Pods Manifest.lock */,
				2EC01A351ED1CA4100C821DE /* Sources */,
				2EC01A361ED1CA4100C821DE /* Frameworks */,
				2EC01A371ED1CA4100C821DE /* Resources */,
				4DC278828F5FF72DFD9E2D8D /* [CP] Embed Pods Frameworks */,
				2E8351871EF6788B004E162C /* SwiftLint */,
				2E7CCFFC2160CA28000B50E9 /* R.swift */,
				2E7CCFFD2160CA41000B50E9 /* LicensePlist */,
			);
			buildRules = (
			);
			dependencies = (
			);
			name = footStepMeter;
			productName = footStepMeter;
			productReference = 2EC01A391ED1CA4100C821DE /* footStepMeter.app */;
			productType = "com.apple.product-type.application";
		};
		2EC01A4C1ED1CA4100C821DE /* footStepMeterTests */ = {
			isa = PBXNativeTarget;
			buildConfigurationList = 2EC01A641ED1CA4100C821DE /* Build configuration list for PBXNativeTarget "footStepMeterTests" */;
			buildPhases = (
				02EE9D1989BD860DF1ED68CF /* [CP] Check Pods Manifest.lock */,
				2EC01A491ED1CA4100C821DE /* Sources */,
				2EC01A4A1ED1CA4100C821DE /* Frameworks */,
				2EC01A4B1ED1CA4100C821DE /* Resources */,
				BEFC905DE1E3CDF68BE448D3 /* [CP] Embed Pods Frameworks */,
			);
			buildRules = (
			);
			dependencies = (
				2EC01A4F1ED1CA4100C821DE /* PBXTargetDependency */,
			);
			name = footStepMeterTests;
			productName = footStepMeterTests;
			productReference = 2EC01A4D1ED1CA4100C821DE /* footStepMeterTests.xctest */;
			productType = "com.apple.product-type.bundle.unit-test";
		};
		2EC01A571ED1CA4100C821DE /* footStepMeterUITests */ = {
			isa = PBXNativeTarget;
			buildConfigurationList = 2EC01A671ED1CA4100C821DE /* Build configuration list for PBXNativeTarget "footStepMeterUITests" */;
			buildPhases = (
				1B701F1C84CD9C51CA34ED86 /* [CP] Check Pods Manifest.lock */,
				2EC01A541ED1CA4100C821DE /* Sources */,
				2EC01A551ED1CA4100C821DE /* Frameworks */,
				2EC01A561ED1CA4100C821DE /* Resources */,
				B989D044343312B9BDA0CF2D /* [CP] Embed Pods Frameworks */,
			);
			buildRules = (
			);
			dependencies = (
				2EC01A5A1ED1CA4100C821DE /* PBXTargetDependency */,
			);
			name = footStepMeterUITests;
			productName = footStepMeterUITests;
			productReference = 2EC01A581ED1CA4100C821DE /* footStepMeterUITests.xctest */;
			productType = "com.apple.product-type.bundle.ui-testing";
		};
/* End PBXNativeTarget section */

/* Begin PBXProject section */
		2EC01A311ED1CA4100C821DE /* Project object */ = {
			isa = PBXProject;
			attributes = {
				LastSwiftUpdateCheck = 0830;
				LastUpgradeCheck = 0830;
				ORGANIZATIONNAME = "Takahiro Kato";
				TargetAttributes = {
					2EC01A381ED1CA4100C821DE = {
						CreatedOnToolsVersion = 8.3.2;
						DevelopmentTeam = 6J4XG67E62;
						ProvisioningStyle = Automatic;
						SystemCapabilities = {
							com.apple.BackgroundModes = {
								enabled = 1;
							};
						};
					};
					2EC01A4C1ED1CA4100C821DE = {
						CreatedOnToolsVersion = 8.3.2;
						DevelopmentTeam = 6J4XG67E62;
						ProvisioningStyle = Automatic;
						TestTargetID = 2EC01A381ED1CA4100C821DE;
					};
					2EC01A571ED1CA4100C821DE = {
						CreatedOnToolsVersion = 8.3.2;
						DevelopmentTeam = 6J4XG67E62;
						ProvisioningStyle = Automatic;
						TestTargetID = 2EC01A381ED1CA4100C821DE;
					};
				};
			};
			buildConfigurationList = 2EC01A341ED1CA4100C821DE /* Build configuration list for PBXProject "footStepMeter" */;
			compatibilityVersion = "Xcode 3.2";
			developmentRegion = English;
			hasScannedForEncodings = 0;
			knownRegions = (
				en,
				Base,
				ja,
			);
			mainGroup = 2EC01A301ED1CA4100C821DE;
			productRefGroup = 2EC01A3A1ED1CA4100C821DE /* Products */;
			projectDirPath = "";
			projectRoot = "";
			targets = (
				2EC01A381ED1CA4100C821DE /* footStepMeter */,
				2EC01A4C1ED1CA4100C821DE /* footStepMeterTests */,
				2EC01A571ED1CA4100C821DE /* footStepMeterUITests */,
			);
		};
/* End PBXProject section */

/* Begin PBXResourcesBuildPhase section */
		2EC01A371ED1CA4100C821DE /* Resources */ = {
			isa = PBXResourcesBuildPhase;
			buildActionMask = 2147483647;
			files = (
				2EB9DD732171ED33008F8B81 /* MapView.strings in Resources */,
				2E8351921EF82CD6004E162C /* Localizable.strings in Resources */,
				2E8351A41EF97ACC004E162C /* InfoPlist.strings in Resources */,
				2E8351961EF8364B004E162C /* PickerView.xib in Resources */,
				2E7CD00721665E2D000B50E9 /* MapViewController.xib in Resources */,
				2EC01A471ED1CA4100C821DE /* LaunchScreen.storyboard in Resources */,
				2EC01A441ED1CA4100C821DE /* Assets.xcassets in Resources */,
				2E7CCFFB2160C9C3000B50E9 /* Common.strings in Resources */,
				2EC01A421ED1CA4100C821DE /* Main.storyboard in Resources */,
			);
			runOnlyForDeploymentPostprocessing = 0;
		};
		2EC01A4B1ED1CA4100C821DE /* Resources */ = {
			isa = PBXResourcesBuildPhase;
			buildActionMask = 2147483647;
			files = (
			);
			runOnlyForDeploymentPostprocessing = 0;
		};
		2EC01A561ED1CA4100C821DE /* Resources */ = {
			isa = PBXResourcesBuildPhase;
			buildActionMask = 2147483647;
			files = (
			);
			runOnlyForDeploymentPostprocessing = 0;
		};
/* End PBXResourcesBuildPhase section */

/* Begin PBXShellScriptBuildPhase section */
		02EE9D1989BD860DF1ED68CF /* [CP] Check Pods Manifest.lock */ = {
			isa = PBXShellScriptBuildPhase;
			buildActionMask = 2147483647;
			files = (
			);
			inputPaths = (
				"${PODS_PODFILE_DIR_PATH}/Podfile.lock",
				"${PODS_ROOT}/Manifest.lock",
			);
			name = "[CP] Check Pods Manifest.lock";
			outputPaths = (
				"$(DERIVED_FILE_DIR)/Pods-footStepMeterTests-checkManifestLockResult.txt",
			);
			runOnlyForDeploymentPostprocessing = 0;
			shellPath = /bin/sh;
			shellScript = "diff \"${PODS_PODFILE_DIR_PATH}/Podfile.lock\" \"${PODS_ROOT}/Manifest.lock\" > /dev/null\nif [ $? != 0 ] ; then\n    # print error to STDERR\n    echo \"error: The sandbox is not in sync with the Podfile.lock. Run 'pod install' or update your CocoaPods installation.\" >&2\n    exit 1\nfi\n# This output is used by Xcode 'outputs' to avoid re-running this script phase.\necho \"SUCCESS\" > \"${SCRIPT_OUTPUT_FILE_0}\"\n";
			showEnvVarsInLog = 0;
		};
		1B701F1C84CD9C51CA34ED86 /* [CP] Check Pods Manifest.lock */ = {
			isa = PBXShellScriptBuildPhase;
			buildActionMask = 2147483647;
			files = (
			);
			inputPaths = (
				"${PODS_PODFILE_DIR_PATH}/Podfile.lock",
				"${PODS_ROOT}/Manifest.lock",
			);
			name = "[CP] Check Pods Manifest.lock";
			outputPaths = (
				"$(DERIVED_FILE_DIR)/Pods-footStepMeterUITests-checkManifestLockResult.txt",
			);
			runOnlyForDeploymentPostprocessing = 0;
			shellPath = /bin/sh;
			shellScript = "diff \"${PODS_PODFILE_DIR_PATH}/Podfile.lock\" \"${PODS_ROOT}/Manifest.lock\" > /dev/null\nif [ $? != 0 ] ; then\n    # print error to STDERR\n    echo \"error: The sandbox is not in sync with the Podfile.lock. Run 'pod install' or update your CocoaPods installation.\" >&2\n    exit 1\nfi\n# This output is used by Xcode 'outputs' to avoid re-running this script phase.\necho \"SUCCESS\" > \"${SCRIPT_OUTPUT_FILE_0}\"\n";
			showEnvVarsInLog = 0;
		};
		2E7CCFFC2160CA28000B50E9 /* R.swift */ = {
			isa = PBXShellScriptBuildPhase;
			buildActionMask = 2147483647;
			files = (
			);
			inputFileListPaths = (
			);
			inputPaths = (
			);
			name = R.swift;
			outputFileListPaths = (
			);
			outputPaths = (
			);
			runOnlyForDeploymentPostprocessing = 0;
			shellPath = /bin/sh;
			shellScript = "# Type a script or drag a script file from your workspace to insert its path.\n\"$PODS_ROOT/R.swift/rswift\" generate \"$SRCROOT\"\n";
		};
		2E7CCFFD2160CA41000B50E9 /* LicensePlist */ = {
			isa = PBXShellScriptBuildPhase;
			buildActionMask = 2147483647;
			files = (
			);
			inputFileListPaths = (
			);
			inputPaths = (
			);
			name = LicensePlist;
			outputFileListPaths = (
			);
			outputPaths = (
			);
			runOnlyForDeploymentPostprocessing = 0;
			shellPath = /bin/sh;
			shellScript = "# Type a script or drag a script file from your workspace to insert its path.\nif [ $CONFIGURATION = \"Debug\" ]; then\ncd $SRCROOT\n/usr/local/bin/license-plist --output-path $PRODUCT_NAME/Settings.bundle\nfi\n";
		};
		2E8351871EF6788B004E162C /* SwiftLint */ = {
			isa = PBXShellScriptBuildPhase;
			buildActionMask = 2147483647;
			files = (
			);
			inputPaths = (
			);
			name = SwiftLint;
			outputPaths = (
			);
			runOnlyForDeploymentPostprocessing = 0;
			shellPath = /bin/sh;
			shellScript = "if which swiftlint >/dev/null; then\nswiftlint\nelse\necho \"SwiftLint does not exist, download from https://github.com/realm/SwiftLint\"\nfi\n";
		};
		4DC278828F5FF72DFD9E2D8D /* [CP] Embed Pods Frameworks */ = {
			isa = PBXShellScriptBuildPhase;
			buildActionMask = 2147483647;
			files = (
			);
			inputPaths = (
				"${PODS_ROOT}/Target Support Files/Pods-footStepMeter/Pods-footStepMeter-frameworks.sh",
				"${BUILT_PRODUCTS_DIR}/R.swift.Library/Rswift.framework",
				"${BUILT_PRODUCTS_DIR}/Realm/Realm.framework",
				"${BUILT_PRODUCTS_DIR}/RealmSwift/RealmSwift.framework",
				"${BUILT_PRODUCTS_DIR}/RxCocoa/RxCocoa.framework",
				"${BUILT_PRODUCTS_DIR}/RxSwift/RxSwift.framework",
			);
			name = "[CP] Embed Pods Frameworks";
			outputPaths = (
				"${TARGET_BUILD_DIR}/${FRAMEWORKS_FOLDER_PATH}/Rswift.framework",
				"${TARGET_BUILD_DIR}/${FRAMEWORKS_FOLDER_PATH}/Realm.framework",
				"${TARGET_BUILD_DIR}/${FRAMEWORKS_FOLDER_PATH}/RealmSwift.framework",
				"${TARGET_BUILD_DIR}/${FRAMEWORKS_FOLDER_PATH}/RxCocoa.framework",
				"${TARGET_BUILD_DIR}/${FRAMEWORKS_FOLDER_PATH}/RxSwift.framework",
			);
			runOnlyForDeploymentPostprocessing = 0;
			shellPath = /bin/sh;
			shellScript = "\"${PODS_ROOT}/Target Support Files/Pods-footStepMeter/Pods-footStepMeter-frameworks.sh\"\n";
			showEnvVarsInLog = 0;
		};
		B989D044343312B9BDA0CF2D /* [CP] Embed Pods Frameworks */ = {
			isa = PBXShellScriptBuildPhase;
			buildActionMask = 2147483647;
			files = (
			);
			inputPaths = (
				"${PODS_ROOT}/Target Support Files/Pods-footStepMeterUITests/Pods-footStepMeterUITests-frameworks.sh",
				"${BUILT_PRODUCTS_DIR}/Realm/Realm.framework",
				"${BUILT_PRODUCTS_DIR}/RealmSwift/RealmSwift.framework",
				"${BUILT_PRODUCTS_DIR}/RxSwift/RxSwift.framework",
				"${BUILT_PRODUCTS_DIR}/RxBlocking/RxBlocking.framework",
				"${BUILT_PRODUCTS_DIR}/RxTest/RxTest.framework",
			);
			name = "[CP] Embed Pods Frameworks";
			outputPaths = (
				"${TARGET_BUILD_DIR}/${FRAMEWORKS_FOLDER_PATH}/Realm.framework",
				"${TARGET_BUILD_DIR}/${FRAMEWORKS_FOLDER_PATH}/RealmSwift.framework",
				"${TARGET_BUILD_DIR}/${FRAMEWORKS_FOLDER_PATH}/RxSwift.framework",
				"${TARGET_BUILD_DIR}/${FRAMEWORKS_FOLDER_PATH}/RxBlocking.framework",
				"${TARGET_BUILD_DIR}/${FRAMEWORKS_FOLDER_PATH}/RxTest.framework",
			);
			runOnlyForDeploymentPostprocessing = 0;
			shellPath = /bin/sh;
			shellScript = "\"${PODS_ROOT}/Target Support Files/Pods-footStepMeterUITests/Pods-footStepMeterUITests-frameworks.sh\"\n";
			showEnvVarsInLog = 0;
		};
		BEFC905DE1E3CDF68BE448D3 /* [CP] Embed Pods Frameworks */ = {
			isa = PBXShellScriptBuildPhase;
			buildActionMask = 2147483647;
			files = (
			);
			inputPaths = (
				"${PODS_ROOT}/Target Support Files/Pods-footStepMeterTests/Pods-footStepMeterTests-frameworks.sh",
				"${BUILT_PRODUCTS_DIR}/Realm/Realm.framework",
				"${BUILT_PRODUCTS_DIR}/RealmSwift/RealmSwift.framework",
				"${BUILT_PRODUCTS_DIR}/RxSwift/RxSwift.framework",
				"${BUILT_PRODUCTS_DIR}/RxBlocking/RxBlocking.framework",
				"${BUILT_PRODUCTS_DIR}/RxTest/RxTest.framework",
			);
			name = "[CP] Embed Pods Frameworks";
			outputPaths = (
				"${TARGET_BUILD_DIR}/${FRAMEWORKS_FOLDER_PATH}/Realm.framework",
				"${TARGET_BUILD_DIR}/${FRAMEWORKS_FOLDER_PATH}/RealmSwift.framework",
				"${TARGET_BUILD_DIR}/${FRAMEWORKS_FOLDER_PATH}/RxSwift.framework",
				"${TARGET_BUILD_DIR}/${FRAMEWORKS_FOLDER_PATH}/RxBlocking.framework",
				"${TARGET_BUILD_DIR}/${FRAMEWORKS_FOLDER_PATH}/RxTest.framework",
			);
			runOnlyForDeploymentPostprocessing = 0;
			shellPath = /bin/sh;
			shellScript = "\"${PODS_ROOT}/Target Support Files/Pods-footStepMeterTests/Pods-footStepMeterTests-frameworks.sh\"\n";
			showEnvVarsInLog = 0;
		};
		CFF8D1D2FF07BF2CDE83D2B8 /* [CP] Check Pods Manifest.lock */ = {
			isa = PBXShellScriptBuildPhase;
			buildActionMask = 2147483647;
			files = (
			);
			inputPaths = (
				"${PODS_PODFILE_DIR_PATH}/Podfile.lock",
				"${PODS_ROOT}/Manifest.lock",
			);
			name = "[CP] Check Pods Manifest.lock";
			outputPaths = (
				"$(DERIVED_FILE_DIR)/Pods-footStepMeter-checkManifestLockResult.txt",
			);
			runOnlyForDeploymentPostprocessing = 0;
			shellPath = /bin/sh;
			shellScript = "diff \"${PODS_PODFILE_DIR_PATH}/Podfile.lock\" \"${PODS_ROOT}/Manifest.lock\" > /dev/null\nif [ $? != 0 ] ; then\n    # print error to STDERR\n    echo \"error: The sandbox is not in sync with the Podfile.lock. Run 'pod install' or update your CocoaPods installation.\" >&2\n    exit 1\nfi\n# This output is used by Xcode 'outputs' to avoid re-running this script phase.\necho \"SUCCESS\" > \"${SCRIPT_OUTPUT_FILE_0}\"\n";
			showEnvVarsInLog = 0;
		};
/* End PBXShellScriptBuildPhase section */

/* Begin PBXSourcesBuildPhase section */
		2EC01A351ED1CA4100C821DE /* Sources */ = {
			isa = PBXSourcesBuildPhase;
			buildActionMask = 2147483647;
			files = (
				2EB9DD6D2171CECE008F8B81 /* Cast+Rx.swift in Sources */,
				2EB9DD5E2170EE6C008F8B81 /* PickerView+Rx.swift in Sources */,
				2E525F391EE30E6900020439 /* FootprintManager.swift in Sources */,
				2E26B96B1EEC5350002CDDB3 /* AboutAppViewController.swift in Sources */,
				2EB9DD752171F0A8008F8B81 /* AlertActionType.swift in Sources */,
				2EB9DD792172570C008F8B81 /* Result.swift in Sources */,
				2EB9DD772171F723008F8B81 /* RealmManager.swift in Sources */,
				2EC01A3F1ED1CA4100C821DE /* ViewController.swift in Sources */,
				2E26B96F1EEC5771002CDDB3 /* HistoryViewController.swift in Sources */,
				2EB9DD602170FEEA008F8B81 /* TabBarItemTag.swift in Sources */,
				2EC01A3D1ED1CA4100C821DE /* AppDelegate.swift in Sources */,
				2E3FBF461ED9CD7800022529 /* PickerView.swift in Sources */,
				2E525F321EDA823200020439 /* Location.swift in Sources */,
				2E7CD0172167C495000B50E9 /* CLLocationManager+Rx.swift in Sources */,
				2EB9DD6221710B03008F8B81 /* R.generated.swift in Sources */,
				2EB9DD6F2171D6EE008F8B81 /* UIViewController+Rx.swift in Sources */,
				2E26B9691EEC2DC2002CDDB3 /* FootprintsViewController.swift in Sources */,
				2E525F351EDA8CE800020439 /* LocationAccuracy.swift in Sources */,
				2EB9DD6421710FC1008F8B81 /* UIColor+AppColor.swift in Sources */,
				2E7CD0122167B83B000B50E9 /* UIViewController+Color.swift in Sources */,
				2E49E3461EE41BAF007A90C7 /* CustomAnnotation.swift in Sources */,
				2EB329DE1EED5D6E00832E44 /* UIImage+Extension.swift in Sources */,
				2E7CD00A21665E5E000B50E9 /* Injectable.swift in Sources */,
				2E7CD01B2167C6DB000B50E9 /* RxCLLocationManagerDelegateProxy.swift in Sources */,
				2E7CD00D21665E8E000B50E9 /* MapViewModel.swift in Sources */,
				2E9FEB0A1ED1E5E30022C378 /* SettingViewController.swift in Sources */,
				2E7CD00621665E2D000B50E9 /* MapViewController.swift in Sources */,
				2EB9DD5C2170E748008F8B81 /* RxPickerViewDelegateProxy.swift in Sources */,
				2EB9DD7B217257ED008F8B81 /* Error.swift in Sources */,
				2E525F371EE30D1100020439 /* Footprint.swift in Sources */,
			);
			runOnlyForDeploymentPostprocessing = 0;
		};
		2EC01A491ED1CA4100C821DE /* Sources */ = {
			isa = PBXSourcesBuildPhase;
			buildActionMask = 2147483647;
			files = (
				2E8351441EF55F3B004E162C /* ViewControllerTests.swift in Sources */,
				2EC01A521ED1CA4100C821DE /* FootprintManagerTests.swift in Sources */,
				2E8351461EF572C1004E162C /* SettingViewControllerTests.swift in Sources */,
			);
			runOnlyForDeploymentPostprocessing = 0;
		};
		2EC01A541ED1CA4100C821DE /* Sources */ = {
			isa = PBXSourcesBuildPhase;
			buildActionMask = 2147483647;
			files = (
				2EC01A5D1ED1CA4100C821DE /* FootStepMeterUITests.swift in Sources */,
			);
			runOnlyForDeploymentPostprocessing = 0;
		};
/* End PBXSourcesBuildPhase section */

/* Begin PBXTargetDependency section */
		2EC01A4F1ED1CA4100C821DE /* PBXTargetDependency */ = {
			isa = PBXTargetDependency;
			target = 2EC01A381ED1CA4100C821DE /* footStepMeter */;
			targetProxy = 2EC01A4E1ED1CA4100C821DE /* PBXContainerItemProxy */;
		};
		2EC01A5A1ED1CA4100C821DE /* PBXTargetDependency */ = {
			isa = PBXTargetDependency;
			target = 2EC01A381ED1CA4100C821DE /* footStepMeter */;
			targetProxy = 2EC01A591ED1CA4100C821DE /* PBXContainerItemProxy */;
		};
/* End PBXTargetDependency section */

/* Begin PBXVariantGroup section */
		2E8351941EF82CD6004E162C /* Localizable.strings */ = {
			isa = PBXVariantGroup;
			children = (
				2E8351931EF82CD6004E162C /* Base */,
				2E8351951EF8344D004E162C /* ja */,
			);
			name = Localizable.strings;
			sourceTree = "<group>";
		};
		2E8351981EF8364B004E162C /* PickerView.xib */ = {
			isa = PBXVariantGroup;
			children = (
				2E8351971EF8364B004E162C /* Base */,
				2E83519A1EF8364F004E162C /* ja */,
			);
			name = PickerView.xib;
			path = PickerView;
			sourceTree = "<group>";
		};
		2E8351A61EF97ACC004E162C /* InfoPlist.strings */ = {
			isa = PBXVariantGroup;
			children = (
				2E8351A51EF97ACC004E162C /* Base */,
				2E8351A71EF97ACE004E162C /* ja */,
			);
			name = InfoPlist.strings;
			sourceTree = "<group>";
		};
		2EC01A401ED1CA4100C821DE /* Main.storyboard */ = {
			isa = PBXVariantGroup;
			children = (
				2EC01A411ED1CA4100C821DE /* Base */,
				2E83519C1EF97055004E162C /* ja */,
			);
			name = Main.storyboard;
			sourceTree = "<group>";
		};
		2EC01A451ED1CA4100C821DE /* LaunchScreen.storyboard */ = {
			isa = PBXVariantGroup;
			children = (
				2EC01A461ED1CA4100C821DE /* Base */,
				2E8351A11EF976B0004E162C /* ja */,
			);
			name = LaunchScreen.storyboard;
			sourceTree = "<group>";
		};
		2EC01A6D1ED1CD3600C821DE /* Info.plist */ = {
			isa = PBXVariantGroup;
			children = (
				2EC01A6C1ED1CD3600C821DE /* Base */,
			);
			name = Info.plist;
			sourceTree = "<group>";
		};
/* End PBXVariantGroup section */

/* Begin XCBuildConfiguration section */
		2EC01A5F1ED1CA4100C821DE /* Debug */ = {
			isa = XCBuildConfiguration;
			buildSettings = {
				ALWAYS_SEARCH_USER_PATHS = NO;
				CLANG_ANALYZER_LOCALIZABILITY_NONLOCALIZED = YES;
				CLANG_ANALYZER_NONNULL = YES;
				CLANG_ANALYZER_NUMBER_OBJECT_CONVERSION = YES_AGGRESSIVE;
				CLANG_CXX_LANGUAGE_STANDARD = "gnu++0x";
				CLANG_CXX_LIBRARY = "libc++";
				CLANG_ENABLE_MODULES = YES;
				CLANG_ENABLE_OBJC_ARC = YES;
				CLANG_WARN_BOOL_CONVERSION = YES;
				CLANG_WARN_CONSTANT_CONVERSION = YES;
				CLANG_WARN_DIRECT_OBJC_ISA_USAGE = YES_ERROR;
				CLANG_WARN_DOCUMENTATION_COMMENTS = YES;
				CLANG_WARN_EMPTY_BODY = YES;
				CLANG_WARN_ENUM_CONVERSION = YES;
				CLANG_WARN_INFINITE_RECURSION = YES;
				CLANG_WARN_INT_CONVERSION = YES;
				CLANG_WARN_OBJC_ROOT_CLASS = YES_ERROR;
				CLANG_WARN_SUSPICIOUS_MOVE = YES;
				CLANG_WARN_UNREACHABLE_CODE = YES;
				CLANG_WARN__DUPLICATE_METHOD_MATCH = YES;
				CODE_SIGN_IDENTITY = "iPhone Distribution: Takahiro Kato (6J4XG67E62)";
				"CODE_SIGN_IDENTITY[sdk=iphoneos*]" = "iPhone Distribution: Takahiro Kato (6J4XG67E62)";
				COPY_PHASE_STRIP = NO;
				DEBUG_INFORMATION_FORMAT = dwarf;
				DEVELOPMENT_TEAM = 6J4XG67E62;
				ENABLE_STRICT_OBJC_MSGSEND = YES;
				ENABLE_TESTABILITY = YES;
				GCC_C_LANGUAGE_STANDARD = gnu99;
				GCC_DYNAMIC_NO_PIC = NO;
				GCC_NO_COMMON_BLOCKS = YES;
				GCC_OPTIMIZATION_LEVEL = 0;
				GCC_PREPROCESSOR_DEFINITIONS = (
					"DEBUG=1",
					"$(inherited)",
				);
				GCC_WARN_64_TO_32_BIT_CONVERSION = YES;
				GCC_WARN_ABOUT_RETURN_TYPE = YES_ERROR;
				GCC_WARN_UNDECLARED_SELECTOR = YES;
				GCC_WARN_UNINITIALIZED_AUTOS = YES_AGGRESSIVE;
				GCC_WARN_UNUSED_FUNCTION = YES;
				GCC_WARN_UNUSED_VARIABLE = YES;
				IPHONEOS_DEPLOYMENT_TARGET = 9.0;
				MTL_ENABLE_DEBUG_INFO = YES;
				ONLY_ACTIVE_ARCH = YES;
				PROVISIONING_PROFILE = "6a4d4180-c954-4952-8a1e-ee0899ce9f81";
				SDKROOT = iphoneos;
				SWIFT_ACTIVE_COMPILATION_CONDITIONS = DEBUG;
				SWIFT_OPTIMIZATION_LEVEL = "-Onone";
				TARGETED_DEVICE_FAMILY = "1,2";
			};
			name = Debug;
		};
		2EC01A601ED1CA4100C821DE /* Release */ = {
			isa = XCBuildConfiguration;
			buildSettings = {
				ALWAYS_SEARCH_USER_PATHS = NO;
				CLANG_ANALYZER_LOCALIZABILITY_NONLOCALIZED = YES;
				CLANG_ANALYZER_NONNULL = YES;
				CLANG_ANALYZER_NUMBER_OBJECT_CONVERSION = YES_AGGRESSIVE;
				CLANG_CXX_LANGUAGE_STANDARD = "gnu++0x";
				CLANG_CXX_LIBRARY = "libc++";
				CLANG_ENABLE_MODULES = YES;
				CLANG_ENABLE_OBJC_ARC = YES;
				CLANG_WARN_BOOL_CONVERSION = YES;
				CLANG_WARN_CONSTANT_CONVERSION = YES;
				CLANG_WARN_DIRECT_OBJC_ISA_USAGE = YES_ERROR;
				CLANG_WARN_DOCUMENTATION_COMMENTS = YES;
				CLANG_WARN_EMPTY_BODY = YES;
				CLANG_WARN_ENUM_CONVERSION = YES;
				CLANG_WARN_INFINITE_RECURSION = YES;
				CLANG_WARN_INT_CONVERSION = YES;
				CLANG_WARN_OBJC_ROOT_CLASS = YES_ERROR;
				CLANG_WARN_SUSPICIOUS_MOVE = YES;
				CLANG_WARN_UNREACHABLE_CODE = YES;
				CLANG_WARN__DUPLICATE_METHOD_MATCH = YES;
				CODE_SIGN_IDENTITY = "iPhone Distribution: Takahiro Kato (6J4XG67E62)";
				"CODE_SIGN_IDENTITY[sdk=iphoneos*]" = "iPhone Distribution: Takahiro Kato (6J4XG67E62)";
				COPY_PHASE_STRIP = NO;
				DEBUG_INFORMATION_FORMAT = "dwarf-with-dsym";
				DEVELOPMENT_TEAM = 6J4XG67E62;
				ENABLE_NS_ASSERTIONS = NO;
				ENABLE_STRICT_OBJC_MSGSEND = YES;
				GCC_C_LANGUAGE_STANDARD = gnu99;
				GCC_NO_COMMON_BLOCKS = YES;
				GCC_WARN_64_TO_32_BIT_CONVERSION = YES;
				GCC_WARN_ABOUT_RETURN_TYPE = YES_ERROR;
				GCC_WARN_UNDECLARED_SELECTOR = YES;
				GCC_WARN_UNINITIALIZED_AUTOS = YES_AGGRESSIVE;
				GCC_WARN_UNUSED_FUNCTION = YES;
				GCC_WARN_UNUSED_VARIABLE = YES;
				IPHONEOS_DEPLOYMENT_TARGET = 9.0;
				MTL_ENABLE_DEBUG_INFO = NO;
				PROVISIONING_PROFILE = "6a4d4180-c954-4952-8a1e-ee0899ce9f81";
				SDKROOT = iphoneos;
				SWIFT_OPTIMIZATION_LEVEL = "-Owholemodule";
				TARGETED_DEVICE_FAMILY = "1,2";
				VALIDATE_PRODUCT = YES;
			};
			name = Release;
		};
		2EC01A621ED1CA4100C821DE /* Debug */ = {
			isa = XCBuildConfiguration;
			baseConfigurationReference = D70073117A2BBA3C0E35EBC8 /* Pods-footStepMeter.debug.xcconfig */;
			buildSettings = {
				ALWAYS_EMBED_SWIFT_STANDARD_LIBRARIES = "$(inherited)";
				ASSETCATALOG_COMPILER_APPICON_NAME = AppIcon;
				CODE_SIGN_IDENTITY = "iPhone Distribution: Takahiro Kato (6J4XG67E62)";
				"CODE_SIGN_IDENTITY[sdk=iphoneos*]" = "iPhone Developer";
				DEVELOPMENT_TEAM = 6J4XG67E62;
				INFOPLIST_FILE = footStepMeter/Base.lproj/Info.plist;
				IPHONEOS_DEPLOYMENT_TARGET = 11.0;
				LD_RUNPATH_SEARCH_PATHS = "$(inherited) @executable_path/Frameworks";
				PRODUCT_BUNDLE_IDENTIFIER = com.kato.footStepMeter;
				PRODUCT_NAME = "$(TARGET_NAME)";
				PROVISIONING_PROFILE = "";
				PROVISIONING_PROFILE_SPECIFIER = "";
				SWIFT_VERSION = 4.2;
				TARGETED_DEVICE_FAMILY = 1;
			};
			name = Debug;
		};
		2EC01A631ED1CA4100C821DE /* Release */ = {
			isa = XCBuildConfiguration;
			baseConfigurationReference = 763CB1C6E91525F3E5D66040 /* Pods-footStepMeter.release.xcconfig */;
			buildSettings = {
				ALWAYS_EMBED_SWIFT_STANDARD_LIBRARIES = "$(inherited)";
				ASSETCATALOG_COMPILER_APPICON_NAME = AppIcon;
				CODE_SIGN_IDENTITY = "iPhone Distribution: Takahiro Kato (6J4XG67E62)";
				"CODE_SIGN_IDENTITY[sdk=iphoneos*]" = "iPhone Developer";
				DEVELOPMENT_TEAM = 6J4XG67E62;
				INFOPLIST_FILE = footStepMeter/Base.lproj/Info.plist;
				IPHONEOS_DEPLOYMENT_TARGET = 11.0;
				LD_RUNPATH_SEARCH_PATHS = "$(inherited) @executable_path/Frameworks";
				PRODUCT_BUNDLE_IDENTIFIER = com.kato.footStepMeter;
				PRODUCT_NAME = "$(TARGET_NAME)";
				PROVISIONING_PROFILE = "";
				PROVISIONING_PROFILE_SPECIFIER = "";
				SWIFT_VERSION = 4.2;
				TARGETED_DEVICE_FAMILY = 1;
			};
			name = Release;
		};
		2EC01A651ED1CA4100C821DE /* Debug */ = {
			isa = XCBuildConfiguration;
			baseConfigurationReference = 4232F61FA1C358597A974313 /* Pods-footStepMeterTests.debug.xcconfig */;
			buildSettings = {
				ALWAYS_EMBED_SWIFT_STANDARD_LIBRARIES = "$(inherited)";
				BUNDLE_LOADER = "$(TEST_HOST)";
				DEVELOPMENT_TEAM = 6J4XG67E62;
				INFOPLIST_FILE = footStepMeterTests/Info.plist;
				LD_RUNPATH_SEARCH_PATHS = "$(inherited) @executable_path/Frameworks @loader_path/Frameworks";
				PRODUCT_BUNDLE_IDENTIFIER = com.kato.footStepMeterTests;
				PRODUCT_NAME = "$(TARGET_NAME)";
				SWIFT_VERSION = 4.2;
				TEST_HOST = "$(BUILT_PRODUCTS_DIR)/footStepMeter.app/footStepMeter";
			};
			name = Debug;
		};
		2EC01A661ED1CA4100C821DE /* Release */ = {
			isa = XCBuildConfiguration;
			baseConfigurationReference = 8D38B6811B5DFDDE78211D7E /* Pods-footStepMeterTests.release.xcconfig */;
			buildSettings = {
				ALWAYS_EMBED_SWIFT_STANDARD_LIBRARIES = "$(inherited)";
				BUNDLE_LOADER = "$(TEST_HOST)";
				DEVELOPMENT_TEAM = 6J4XG67E62;
				INFOPLIST_FILE = footStepMeterTests/Info.plist;
				LD_RUNPATH_SEARCH_PATHS = "$(inherited) @executable_path/Frameworks @loader_path/Frameworks";
				PRODUCT_BUNDLE_IDENTIFIER = com.kato.footStepMeterTests;
				PRODUCT_NAME = "$(TARGET_NAME)";
				SWIFT_VERSION = 4.2;
				TEST_HOST = "$(BUILT_PRODUCTS_DIR)/footStepMeter.app/footStepMeter";
			};
			name = Release;
		};
		2EC01A681ED1CA4100C821DE /* Debug */ = {
			isa = XCBuildConfiguration;
			baseConfigurationReference = BDB5D6E9C4714D4D8A8B7C67 /* Pods-footStepMeterUITests.debug.xcconfig */;
			buildSettings = {
				ALWAYS_EMBED_SWIFT_STANDARD_LIBRARIES = "$(inherited)";
				DEVELOPMENT_TEAM = 6J4XG67E62;
				INFOPLIST_FILE = footStepMeterUITests/Info.plist;
				LD_RUNPATH_SEARCH_PATHS = "$(inherited) @executable_path/Frameworks @loader_path/Frameworks";
				PRODUCT_BUNDLE_IDENTIFIER = com.kato.footStepMeterUITests;
				PRODUCT_NAME = "$(TARGET_NAME)";
				SWIFT_VERSION = 4.2;
				TEST_TARGET_NAME = footStepMeter;
			};
			name = Debug;
		};
		2EC01A691ED1CA4100C821DE /* Release */ = {
			isa = XCBuildConfiguration;
			baseConfigurationReference = B8CAA1501E5B3F650C4F852B /* Pods-footStepMeterUITests.release.xcconfig */;
			buildSettings = {
				ALWAYS_EMBED_SWIFT_STANDARD_LIBRARIES = "$(inherited)";
				DEVELOPMENT_TEAM = 6J4XG67E62;
				INFOPLIST_FILE = footStepMeterUITests/Info.plist;
				LD_RUNPATH_SEARCH_PATHS = "$(inherited) @executable_path/Frameworks @loader_path/Frameworks";
				PRODUCT_BUNDLE_IDENTIFIER = com.kato.footStepMeterUITests;
				PRODUCT_NAME = "$(TARGET_NAME)";
				SWIFT_VERSION = 4.2;
				TEST_TARGET_NAME = footStepMeter;
			};
			name = Release;
		};
/* End XCBuildConfiguration section */

/* Begin XCConfigurationList section */
		2EC01A341ED1CA4100C821DE /* Build configuration list for PBXProject "footStepMeter" */ = {
			isa = XCConfigurationList;
			buildConfigurations = (
				2EC01A5F1ED1CA4100C821DE /* Debug */,
				2EC01A601ED1CA4100C821DE /* Release */,
			);
			defaultConfigurationIsVisible = 0;
			defaultConfigurationName = Release;
		};
		2EC01A611ED1CA4100C821DE /* Build configuration list for PBXNativeTarget "footStepMeter" */ = {
			isa = XCConfigurationList;
			buildConfigurations = (
				2EC01A621ED1CA4100C821DE /* Debug */,
				2EC01A631ED1CA4100C821DE /* Release */,
			);
			defaultConfigurationIsVisible = 0;
			defaultConfigurationName = Release;
		};
		2EC01A641ED1CA4100C821DE /* Build configuration list for PBXNativeTarget "footStepMeterTests" */ = {
			isa = XCConfigurationList;
			buildConfigurations = (
				2EC01A651ED1CA4100C821DE /* Debug */,
				2EC01A661ED1CA4100C821DE /* Release */,
			);
			defaultConfigurationIsVisible = 0;
			defaultConfigurationName = Release;
		};
		2EC01A671ED1CA4100C821DE /* Build configuration list for PBXNativeTarget "footStepMeterUITests" */ = {
			isa = XCConfigurationList;
			buildConfigurations = (
				2EC01A681ED1CA4100C821DE /* Debug */,
				2EC01A691ED1CA4100C821DE /* Release */,
			);
			defaultConfigurationIsVisible = 0;
			defaultConfigurationName = Release;
		};
/* End XCConfigurationList section */
	};
	rootObject = 2EC01A311ED1CA4100C821DE /* Project object */;
}
